
Microsoft Visual Studio Solution File, Format Version 12.00
# Visual Studio Version 16
VisualStudioVersion = 16.0.32106.194
MinimumVisualStudioVersion = 10.0.40219.1
Project("{FAE04EC0-301F-11D3-BF4B-00C04F79EFBC}") = "Task1", "Task1\Task1.csproj", "{73BB6E6B-85B5-4F22-B157-CB9BC25B4FCE}"
EndProject
Global
	GlobalSection(SolutionConfigurationPlatforms) = preSolution
		Debug|Any CPU = Debug|Any CPU
		Release|Any CPU = Release|Any CPU
	EndGlobalSection
	GlobalSection(ProjectConfigurationPlatforms) = postSolution
		{73BB6E6B-85B5-4F22-B157-CB9BC25B4FCE}.Debug|Any CPU.ActiveCfg = Debug|Any CPU
		{73BB6E6B-85B5-4F22-B157-CB9BC25B4FCE}.Debug|Any CPU.Build.0 = Debug|Any CPU
		{73BB6E6B-85B5-4F22-B157-CB9BC25B4FCE}.Release|Any CPU.ActiveCfg = Release|Any CPU
		{73BB6E6B-85B5-4F22-B157-CB9BC25B4FCE}.Release|Any CPU.Build.0 = Release|Any CPU
	EndGlobalSection
	GlobalSection(SolutionProperties) = preSolution
		HideSolutionNode = FALSE
	EndGlobalSection
	GlobalSection(ExtensibilityGlobals) = postSolution
		SolutionGuid = {3BFEB868-8C79-4EA8-8015-15999761F632}
	EndGlobalSection
EndGlobal
